# Generated by pub
# See https://dart.dev/tools/pub/glossary#lockfile
packages:
  collection:
    dependency: transitive
    description:
      name: collection
      url: "https://pub.dartlang.org"
    source: hosted
    version: "1.17.0"
  csv:
    dependency: "direct main"
    description:
      name: csv
      url: "https://pub.dartlang.org"
    source: hosted
    version: "5.0.1"
  injector:
    dependency: transitive
    description:
      name: injector
      url: "https://pub.dartlang.org"
    source: hosted
    version: "2.0.0"
  json_annotation:
    dependency: transitive
    description:
      name: json_annotation
      url: "https://pub.dartlang.org"
    source: hosted
    version: "4.7.0"
  matcher:
    dependency: transitive
    description:
      name: matcher
      url: "https://pub.dartlang.org"
    source: hosted
    version: "0.12.13"
  meta:
    dependency: transitive
    description:
      name: meta
      url: "https://pub.dartlang.org"
    source: hosted
    version: "1.8.0"
  ml_algo:
    dependency: "direct main"
    description:
      name: ml_algo
      url: "https://pub.dartlang.org"
    source: hosted
    version: "16.17.4"
  ml_dataframe:
    dependency: "direct main"
    description:
      name: ml_dataframe
      url: "https://pub.dartlang.org"
    source: hosted
    version: "1.6.0"
  ml_linalg:
    dependency: transitive
    description:
      name: ml_linalg
      url: "https://pub.dartlang.org"
    source: hosted
    version: "13.10.0"
  ml_preprocessing:
    dependency: "direct main"
    description:
      name: ml_preprocessing
      url: "https://pub.dartlang.org"
    source: hosted
    version: "7.0.2"
  path:
    dependency: transitive
    description:
      name: path
      url: "https://pub.dartlang.org"
    source: hosted
    version: "1.8.2"
  pedantic:
    dependency: "direct dev"
    description:
      name: pedantic
      url: "https://pub.dartlang.org"
    source: hosted
    version: "1.11.1"
  quiver:
    dependency: transitive
    description:
      name: quiver
      url: "https://pub.dartlang.org"
    source: hosted
    version: "3.1.0"
  stack_trace:
    dependency: transitive
    description:
      name: stack_trace
      url: "https://pub.dartlang.org"
    source: hosted
    version: "1.11.0"
  xrange:
    dependency: transitive
    description:
      name: xrange
      url: "https://pub.dartlang.org"
    source: hosted
    version: "2.0.0"
sdks:
  dart: ">=2.18.0 <3.0.0"
