# Generated by pub
# See https://dart.dev/tools/pub/glossary#lockfile
packages:
  android_intent_plus:
    dependency: transitive
    description:
      name: android_intent_plus
      sha256: e1c62bb41c90e15083b7fb84dc327fe90396cc9c1445b55ff1082144fabfb4d9
      url: "https://pub.dev"
    source: hosted
    version: "4.0.3"
  animations:
    dependency: transitive
    description:
      name: animations
      sha256: ef57563eed3620bd5d75ad96189846aca1e033c0c45fc9a7d26e80ab02b88a70
      url: "https://pub.dev"
    source: hosted
    version: "2.0.8"
  archive:
    dependency: transitive
    description:
      name: archive
      sha256: "7e0d52067d05f2e0324268097ba723b71cb41ac8a6a2b24d1edf9c536b987b03"
      url: "https://pub.dev"
    source: hosted
    version: "3.4.6"
  args:
    dependency: transitive
    description:
      name: args
      sha256: eef6c46b622e0494a36c5a12d10d77fb4e855501a91c1b9ef9339326e58f0596
      url: "https://pub.dev"
    source: hosted
    version: "2.4.2"
  async:
    dependency: transitive
    description:
      name: async
      sha256: "947bfcf187f74dbc5e146c9eb9c0f10c9f8b30743e341481c1e2ed3ecc18c20c"
      url: "https://pub.dev"
    source: hosted
    version: "2.11.0"
  blurhash:
    dependency: transitive
    description:
      name: blurhash
      sha256: "9606bcbb744e99f66e75eaf25227966dc59a9ab8ce9ad8e66faab0ffe6edbdea"
      url: "https://pub.dev"
    source: hosted
    version: "1.1.1"
  blurhash_dart:
    dependency: transitive
    description:
      name: blurhash_dart
      sha256: "43955b6c2e30a7d440028d1af0fa185852f3534b795cc6eb81fbf397b464409f"
      url: "https://pub.dev"
    source: hosted
    version: "1.2.1"
  boolean_selector:
    dependency: transitive
    description:
      name: boolean_selector
      sha256: "6cfb5af12253eaf2b368f07bacc5a80d1301a071c73360d746b7f2e32d762c66"
      url: "https://pub.dev"
    source: hosted
    version: "2.1.1"
  characters:
    dependency: transitive
    description:
      name: characters
      sha256: "04a925763edad70e8443c99234dc3328f442e811f1d8fd1a72f1c8ad0f69a605"
      url: "https://pub.dev"
    source: hosted
    version: "1.3.0"
  charcode:
    dependency: transitive
    description:
      name: charcode
      sha256: fb98c0f6d12c920a02ee2d998da788bca066ca5f148492b7085ee23372b12306
      url: "https://pub.dev"
    source: hosted
    version: "1.3.1"
  clock:
    dependency: transitive
    description:
      name: clock
      sha256: cb6d7f03e1de671e34607e909a7213e31d7752be4fb66a86d29fe1eb14bfb5cf
      url: "https://pub.dev"
    source: hosted
    version: "1.1.1"
  collection:
    dependency: transitive
    description:
      name: collection
      sha256: ee67cb0715911d28db6bf4af1026078bd6f0128b07a5f66fb2ed94ec6783c09a
      url: "https://pub.dev"
    source: hosted
    version: "1.18.0"
  contacts_service:
    dependency: transitive
    description:
      path: "."
      ref: "21ecb33d5bf6f19776cc8466db2437a6e5600703"
      resolved-ref: "21ecb33d5bf6f19776cc8466db2437a6e5600703"
      url: "https://github.com/gaetschwartz/flutter_contacts.git"
    source: git
    version: "0.6.3"
  convert:
    dependency: transitive
    description:
      name: convert
      sha256: "0f08b14755d163f6e2134cb58222dd25ea2a2ee8a195e53983d57c075324d592"
      url: "https://pub.dev"
    source: hosted
    version: "3.1.1"
  cross_file:
    dependency: transitive
    description:
      name: cross_file
      sha256: "445db18de832dba8d851e287aff8ccf169bed30d2e94243cb54c7d2f1ed2142c"
      url: "https://pub.dev"
    source: hosted
    version: "0.3.3+6"
  crypto:
    dependency: transitive
    description:
      name: crypto
      sha256: ff625774173754681d66daaf4a448684fb04b78f902da9cb3d308c19cc5e8bab
      url: "https://pub.dev"
    source: hosted
    version: "3.0.3"
  cupertino_icons:
    dependency: "direct main"
    description:
      name: cupertino_icons
      sha256: d57953e10f9f8327ce64a508a355f0b1ec902193f66288e8cb5070e7c47eeb2d
      url: "https://pub.dev"
    source: hosted
    version: "1.0.6"
  fake_async:
    dependency: transitive
    description:
      name: fake_async
      sha256: "511392330127add0b769b75a987850d136345d9227c6b94c96a04cf4a391bf78"
      url: "https://pub.dev"
    source: hosted
    version: "1.3.1"
  ffi:
    dependency: transitive
    description:
      name: ffi
      sha256: "7bf0adc28a23d395f19f3f1eb21dd7cfd1dd9f8e1c50051c069122e6853bc878"
      url: "https://pub.dev"
    source: hosted
    version: "2.1.0"
  file:
    dependency: transitive
    description:
      name: file
      sha256: "1b92bec4fc2a72f59a8e15af5f52cd441e4a7860b49499d69dfa817af20e925d"
      url: "https://pub.dev"
    source: hosted
    version: "6.1.4"
  flex_color_scheme:
    dependency: transitive
    description:
      name: flex_color_scheme
      sha256: "32914024a4f404d90ff449f58d279191675b28e7c08824046baf06826e99d984"
      url: "https://pub.dev"
    source: hosted
    version: "7.3.1"
  flex_seed_scheme:
    dependency: transitive
    description:
      name: flex_seed_scheme
      sha256: "29c12aba221eb8a368a119685371381f8035011d18de5ba277ad11d7dfb8657f"
      url: "https://pub.dev"
    source: hosted
    version: "1.4.0"
  fluentui_system_icons:
    dependency: transitive
    description:
      name: fluentui_system_icons
      sha256: "1e49b8628736dce4f8c594bda758b0590951d74f3cc0a136056c0ed307a3cb35"
      url: "https://pub.dev"
    source: hosted
    version: "1.1.220"
  flutter:
    dependency: "direct main"
    description: flutter
    source: sdk
    version: "0.0.0"
  flutter_localizations:
    dependency: "direct main"
    description: flutter
    source: sdk
    version: "0.0.0"
  flutter_riverpod:
    dependency: transitive
    description:
      name: flutter_riverpod
      sha256: bdba94be666ecb1beeb0f5a748d96cdd6a37215f27e6b48c7673b95cecb800c8
      url: "https://pub.dev"
    source: hosted
    version: "2.4.4"
  flutter_slidable:
    dependency: transitive
    description:
      name: flutter_slidable
      sha256: cc4231579e3eae41ae166660df717f4bad1359c87f4a4322ad8ba1befeb3d2be
      url: "https://pub.dev"
    source: hosted
    version: "3.0.0"
  flutter_svg:
    dependency: "direct main"
    description:
      name: flutter_svg
      sha256: "8c5d68a82add3ca76d792f058b186a0599414f279f00ece4830b9b231b570338"
      url: "https://pub.dev"
    source: hosted
    version: "2.0.7"
  flutter_test:
    dependency: "direct dev"
    description: flutter
    source: sdk
    version: "0.0.0"
  flutter_web_plugins:
    dependency: transitive
    description: flutter
    source: sdk
    version: "0.0.0"
  font_awesome_flutter:
    dependency: transitive
    description:
      name: font_awesome_flutter
      sha256: "52671aea66da73b58d42ec6d0912b727a42248dd9a7c76d6c20f275783c48c08"
      url: "https://pub.dev"
    source: hosted
    version: "10.6.0"
  freezed_annotation:
    dependency: transitive
    description:
      name: freezed_annotation
      sha256: c3fd9336eb55a38cc1bbd79ab17573113a8deccd0ecbbf926cca3c62803b5c2d
      url: "https://pub.dev"
    source: hosted
    version: "2.4.1"
  gaets_logging:
    dependency: transitive
    description:
      path: "packages/logging"
      ref: HEAD
      resolved-ref: d2b4b0acb182a782f3b9ac2f6ac8f7ec91bcc1a2
      url: "https://github.com/gaetschwartz/gaet_utils.git"
    source: git
    version: "0.0.1"
  gap:
    dependency: transitive
    description:
      name: gap
      sha256: f19387d4e32f849394758b91377f9153a1b41d79513ef7668c088c77dbc6955d
      url: "https://pub.dev"
    source: hosted
    version: "3.0.1"
  geolocator:
    dependency: transitive
    description:
      name: geolocator
      sha256: e946395fc608842bb2f6c914807e9183f86f3cb787f6b8f832753e5251036f02
      url: "https://pub.dev"
    source: hosted
    version: "10.1.0"
  geolocator_android:
    dependency: transitive
    description:
      name: geolocator_android
      sha256: "93906636752ea4d4e778afa981fdfe7409f545b3147046300df194330044d349"
      url: "https://pub.dev"
    source: hosted
    version: "4.3.1"
  geolocator_apple:
    dependency: transitive
    description:
      name: geolocator_apple
      sha256: ab90ae811c42ec2f6021e01eca71df00dee6ff1e69d2c2dafd4daeb0b793f73d
      url: "https://pub.dev"
    source: hosted
    version: "2.3.2"
  geolocator_platform_interface:
    dependency: transitive
    description:
      name: geolocator_platform_interface
      sha256: b7aca62aa05d7e610c396a53a1936ff87fce2f735d76e93fde9269c341c46a25
      url: "https://pub.dev"
    source: hosted
    version: "4.1.1"
  geolocator_web:
    dependency: transitive
    description:
      name: geolocator_web
      sha256: "59083f7e0871b78299918d92bf930a14377f711d2d1156c558cd5ebae6c20d58"
      url: "https://pub.dev"
    source: hosted
    version: "2.2.0"
  geolocator_windows:
    dependency: transitive
    description:
      name: geolocator_windows
      sha256: "8725beaa00db2b52f53d9811584cb4488240b250b04a09763e80945017f65c9c"
      url: "https://pub.dev"
    source: hosted
    version: "0.2.1"
  google_fonts:
    dependency: "direct main"
    description:
      name: google_fonts
      sha256: e20ff62b158b96f392bfc8afe29dee1503c94fbea2cbe8186fd59b756b8ae982
      url: "https://pub.dev"
    source: hosted
    version: "5.1.0"
  hive:
    dependency: transitive
    description:
      name: hive
      sha256: "8dcf6db979d7933da8217edcec84e9df1bdb4e4edc7fc77dbd5aa74356d6d941"
      url: "https://pub.dev"
    source: hosted
    version: "2.2.3"
  hive_flutter:
    dependency: transitive
    description:
      name: hive_flutter
      sha256: dca1da446b1d808a51689fb5d0c6c9510c0a2ba01e22805d492c73b68e33eecc
      url: "https://pub.dev"
    source: hosted
    version: "1.1.0"
  http:
    dependency: transitive
    description:
      name: http
      sha256: "759d1a329847dd0f39226c688d3e06a6b8679668e350e2891a6474f8b4bb8525"
      url: "https://pub.dev"
    source: hosted
    version: "1.1.0"
  http_parser:
    dependency: transitive
    description:
      name: http_parser
      sha256: "2aa08ce0341cc9b354a498388e30986515406668dbcc4f7c950c3e715496693b"
      url: "https://pub.dev"
    source: hosted
    version: "4.0.2"
  image:
    dependency: transitive
    description:
      name: image
      sha256: "028f61960d56f26414eb616b48b04eb37d700cbe477b7fb09bf1d7ce57fd9271"
      url: "https://pub.dev"
    source: hosted
    version: "4.1.3"
  in_app_purchase:
    dependency: transitive
    description:
      name: in_app_purchase
      sha256: bdda02b5b11b56d5e29c7f0c57c433db3452b0c8ce1c37cbfcf1de52946efd9f
      url: "https://pub.dev"
    source: hosted
    version: "3.1.11"
  in_app_purchase_android:
    dependency: transitive
    description:
      name: in_app_purchase_android
      sha256: "63997b855f10799a1022939bbf02e3f59b6f400f4deee858f46fd528df5f5fab"
      url: "https://pub.dev"
    source: hosted
    version: "0.3.0+13"
  in_app_purchase_platform_interface:
    dependency: transitive
    description:
      name: in_app_purchase_platform_interface
      sha256: "5168afbc54f406f741252b66d41872c1193a0066a6edcb587176290b92e2d537"
      url: "https://pub.dev"
    source: hosted
    version: "1.3.6"
  in_app_purchase_storekit:
    dependency: transitive
    description:
      name: in_app_purchase_storekit
      sha256: "88afd256c7605d431f0ce29d0161f9554851f90ecb92ceb9e18196c4e7858d52"
      url: "https://pub.dev"
    source: hosted
    version: "0.3.6+7"
  intl:
    dependency: transitive
    description:
      name: intl
      sha256: "3bc132a9dbce73a7e4a21a17d06e1878839ffbf975568bc875c60537824b0c4d"
      url: "https://pub.dev"
    source: hosted
    version: "0.18.1"
  isar:
    dependency: transitive
    description:
      name: isar
      sha256: "99165dadb2cf2329d3140198363a7e7bff9bbd441871898a87e26914d25cf1ea"
      url: "https://pub.dev"
    source: hosted
    version: "3.1.0+1"
  isar_flutter_libs:
    dependency: transitive
    description:
      name: isar_flutter_libs
      sha256: bc6768cc4b9c61aabff77152e7f33b4b17d2fc93134f7af1c3dd51500fe8d5e8
      url: "https://pub.dev"
    source: hosted
    version: "3.1.0+1"
  js:
    dependency: transitive
    description:
      name: js
      sha256: f2c445dce49627136094980615a031419f7f3eb393237e4ecd97ac15dea343f3
      url: "https://pub.dev"
    source: hosted
    version: "0.6.7"
  json_annotation:
    dependency: transitive
    description:
      name: json_annotation
      sha256: b10a7b2ff83d83c777edba3c6a0f97045ddadd56c944e1a23a3fdf43a1bf4467
      url: "https://pub.dev"
    source: hosted
    version: "4.8.1"
  lint:
    dependency: "direct dev"
    description:
      name: lint
      sha256: f4bd4dbaa39f4ae8836f2d1275f2f32bc68b3a8cce0a0735dd1f7a601f06682a
      url: "https://pub.dev"
    source: hosted
    version: "2.1.2"
  live_route:
    dependency: transitive
    description:
      path: "../live_route"
      relative: true
    source: path
    version: "0.0.1"
  matcher:
    dependency: transitive
    description:
      name: matcher
      sha256: "1803e76e6653768d64ed8ff2e1e67bea3ad4b923eb5c56a295c3e634bad5960e"
      url: "https://pub.dev"
    source: hosted
    version: "0.12.16"
  material_color_utilities:
    dependency: transitive
    description:
      name: material_color_utilities
      sha256: "9528f2f296073ff54cb9fee677df673ace1218163c3bc7628093e7eed5203d41"
      url: "https://pub.dev"
    source: hosted
    version: "0.5.0"
  meta:
    dependency: transitive
    description:
      name: meta
      sha256: a6e590c838b18133bb482a2745ad77c5bb7715fb0451209e1a7567d416678b8e
      url: "https://pub.dev"
    source: hosted
    version: "1.10.0"
  mime:
    dependency: transitive
    description:
      name: mime
      sha256: e4ff8e8564c03f255408decd16e7899da1733852a9110a58fe6d1b817684a63e
      url: "https://pub.dev"
    source: hosted
    version: "1.0.4"
  modal_bottom_sheet:
    dependency: transitive
    description:
      name: modal_bottom_sheet
      sha256: "3bba63c62d35c931bce7f8ae23a47f9a05836d8cb3c11122ada64e0b2f3d718f"
      url: "https://pub.dev"
    source: hosted
    version: "3.0.0-pre"
  octo_image:
    dependency: transitive
    description:
      name: octo_image
      sha256: "45b40f99622f11901238e18d48f5f12ea36426d8eced9f4cbf58479c7aa2430d"
      url: "https://pub.dev"
    source: hosted
    version: "2.0.0"
  package_info_plus:
    dependency: transitive
    description:
      name: package_info_plus
      sha256: "7e76fad405b3e4016cd39d08f455a4eb5199723cf594cd1b8916d47140d93017"
      url: "https://pub.dev"
    source: hosted
    version: "4.2.0"
  package_info_plus_platform_interface:
    dependency: transitive
    description:
      name: package_info_plus_platform_interface
      sha256: "9bc8ba46813a4cc42c66ab781470711781940780fd8beddd0c3da62506d3a6c6"
      url: "https://pub.dev"
    source: hosted
    version: "2.0.1"
  path:
    dependency: "direct main"
    description:
      name: path
      sha256: "8829d8a55c13fc0e37127c29fedf290c102f4e40ae94ada574091fe0ff96c917"
      url: "https://pub.dev"
    source: hosted
    version: "1.8.3"
  path_parsing:
    dependency: transitive
    description:
      name: path_parsing
      sha256: e3e67b1629e6f7e8100b367d3db6ba6af4b1f0bb80f64db18ef1fbabd2fa9ccf
      url: "https://pub.dev"
    source: hosted
    version: "1.0.1"
  path_provider:
    dependency: "direct main"
    description:
      name: path_provider
      sha256: a1aa8aaa2542a6bc57e381f132af822420216c80d4781f7aa085ca3229208aaa
      url: "https://pub.dev"
    source: hosted
    version: "2.1.1"
  path_provider_android:
    dependency: transitive
    description:
      name: path_provider_android
      sha256: "6b8b19bd80da4f11ce91b2d1fb931f3006911477cec227cce23d3253d80df3f1"
      url: "https://pub.dev"
    source: hosted
    version: "2.2.0"
  path_provider_foundation:
    dependency: transitive
    description:
      name: path_provider_foundation
      sha256: "19314d595120f82aca0ba62787d58dde2cc6b5df7d2f0daf72489e38d1b57f2d"
      url: "https://pub.dev"
    source: hosted
    version: "2.3.1"
  path_provider_linux:
    dependency: transitive
    description:
      name: path_provider_linux
      sha256: f7a1fe3a634fe7734c8d3f2766ad746ae2a2884abe22e241a8b301bf5cac3279
      url: "https://pub.dev"
    source: hosted
    version: "2.2.1"
  path_provider_platform_interface:
    dependency: transitive
    description:
      name: path_provider_platform_interface
      sha256: "94b1e0dd80970c1ce43d5d4e050a9918fce4f4a775e6142424c30a29a363265c"
      url: "https://pub.dev"
    source: hosted
    version: "2.1.1"
  path_provider_windows:
    dependency: transitive
    description:
      name: path_provider_windows
      sha256: "8bc9f22eee8690981c22aa7fc602f5c85b497a6fb2ceb35ee5a5e5ed85ad8170"
      url: "https://pub.dev"
    source: hosted
    version: "2.2.1"
  permission_handler:
    dependency: transitive
    description:
      name: permission_handler
      sha256: "284a66179cabdf942f838543e10413246f06424d960c92ba95c84439154fcac8"
      url: "https://pub.dev"
    source: hosted
    version: "11.0.1"
  permission_handler_android:
    dependency: transitive
    description:
      name: permission_handler_android
      sha256: f9fddd3b46109bd69ff3f9efa5006d2d309b7aec0f3c1c5637a60a2d5659e76e
      url: "https://pub.dev"
    source: hosted
    version: "11.1.0"
  permission_handler_apple:
    dependency: transitive
    description:
      name: permission_handler_apple
      sha256: "99e220bce3f8877c78e4ace901082fb29fa1b4ebde529ad0932d8d664b34f3f5"
      url: "https://pub.dev"
    source: hosted
    version: "9.1.4"
  permission_handler_platform_interface:
    dependency: transitive
    description:
      name: permission_handler_platform_interface
      sha256: "6760eb5ef34589224771010805bea6054ad28453906936f843a8cc4d3a55c4a4"
      url: "https://pub.dev"
    source: hosted
    version: "3.12.0"
  permission_handler_windows:
    dependency: transitive
    description:
      name: permission_handler_windows
      sha256: cc074aace208760f1eee6aa4fae766b45d947df85bc831cde77009cdb4720098
      url: "https://pub.dev"
    source: hosted
    version: "0.1.3"
  petitparser:
    dependency: transitive
    description:
      name: petitparser
      sha256: eeb2d1428ee7f4170e2bd498827296a18d4e7fc462b71727d111c0ac7707cfa6
      url: "https://pub.dev"
    source: hosted
    version: "6.0.1"
  platform:
    dependency: transitive
    description:
      name: platform
      sha256: "0a279f0707af40c890e80b1e9df8bb761694c074ba7e1d4ab1bc4b728e200b59"
      url: "https://pub.dev"
    source: hosted
    version: "3.1.3"
  plugin_platform_interface:
    dependency: transitive
    description:
      name: plugin_platform_interface
      sha256: da3fdfeccc4d4ff2da8f8c556704c08f912542c5fb3cf2233ed75372384a034d
      url: "https://pub.dev"
    source: hosted
    version: "2.1.6"
  pointycastle:
    dependency: transitive
    description:
      name: pointycastle
      sha256: "7c1e5f0d23c9016c5bbd8b1473d0d3fb3fc851b876046039509e18e0c7485f2c"
      url: "https://pub.dev"
    source: hosted
    version: "3.7.3"
  process_run:
    dependency: transitive
    description:
      name: process_run
      sha256: ceacfac6d566a36c895d64edc7e429efb2d6b6303b5e28d5c13bc59fe6e8974e
      url: "https://pub.dev"
    source: hosted
    version: "0.13.1"
  pub_semver:
    dependency: transitive
    description:
      name: pub_semver
      sha256: "40d3ab1bbd474c4c2328c91e3a7df8c6dd629b79ece4c4bd04bee496a224fb0c"
      url: "https://pub.dev"
    source: hosted
    version: "2.1.4"
  quick_actions:
    dependency: transitive
    description:
      name: quick_actions
      sha256: "3930e1cf78a0574495b4ea741ee197323c4a9081321d6ae384b3bfcd84c7ea83"
      url: "https://pub.dev"
    source: hosted
    version: "1.0.6"
  quick_actions_android:
    dependency: transitive
    description:
      name: quick_actions_android
      sha256: df67c20583e05f5038a24c47bfa1b7b2977703ec2d162663017c5f9ef8707699
      url: "https://pub.dev"
    source: hosted
    version: "1.0.9"
  quick_actions_ios:
    dependency: transitive
    description:
      name: quick_actions_ios
      sha256: "5a13ed27b6254184fdd4294e100e3172fa6ebfd8bea03e414634a0f760d49997"
      url: "https://pub.dev"
    source: hosted
    version: "1.0.8"
  quick_actions_platform_interface:
    dependency: transitive
    description:
      name: quick_actions_platform_interface
      sha256: d2a8566b56eec49f93934528b62033906199c60f4ffaef0cba9ef02fcfed8a81
      url: "https://pub.dev"
    source: hosted
    version: "1.0.5"
  quiver:
    dependency: transitive
    description:
      name: quiver
      sha256: b1c1ac5ce6688d77f65f3375a9abb9319b3cb32486bdc7a1e0fdf004d7ba4e47
      url: "https://pub.dev"
    source: hosted
    version: "3.2.1"
  riverpod:
    dependency: transitive
    description:
      name: riverpod
      sha256: "2af3d127a6e4e34b89b8f1f018086f5ded04b8e538174f0510bba3e4c0d878b1"
      url: "https://pub.dev"
    source: hosted
    version: "2.4.4"
  riverpod_annotation:
    dependency: transitive
    description:
      name: riverpod_annotation
      sha256: "388b03ed91b8f5126318fa43221fe078ebc20c81523dec9fcb5237cb5431d4dd"
      url: "https://pub.dev"
    source: hosted
    version: "2.2.1"
  scrollable_positioned_list:
    dependency: transitive
    description:
      name: scrollable_positioned_list
      sha256: "1b54d5f1329a1e263269abc9e2543d90806131aa14fe7c6062a8054d57249287"
      url: "https://pub.dev"
    source: hosted
    version: "0.3.8"
  share_plus:
    dependency: transitive
    description:
      name: share_plus
      sha256: f74fc3f1cbd99f39760182e176802f693fa0ec9625c045561cfad54681ea93dd
      url: "https://pub.dev"
    source: hosted
    version: "7.2.1"
  share_plus_platform_interface:
    dependency: transitive
    description:
      name: share_plus_platform_interface
      sha256: df08bc3a07d01f5ea47b45d03ffcba1fa9cd5370fb44b3f38c70e42cced0f956
      url: "https://pub.dev"
    source: hosted
    version: "3.3.1"
  shared_preferences:
    dependency: transitive
    description:
      name: shared_preferences
      sha256: "81429e4481e1ccfb51ede496e916348668fd0921627779233bd24cc3ff6abd02"
      url: "https://pub.dev"
    source: hosted
    version: "2.2.2"
  shared_preferences_android:
    dependency: transitive
    description:
      name: shared_preferences_android
      sha256: "8568a389334b6e83415b6aae55378e158fbc2314e074983362d20c562780fb06"
      url: "https://pub.dev"
    source: hosted
    version: "2.2.1"
  shared_preferences_foundation:
    dependency: transitive
    description:
      name: shared_preferences_foundation
      sha256: "7bf53a9f2d007329ee6f3df7268fd498f8373602f943c975598bbb34649b62a7"
      url: "https://pub.dev"
    source: hosted
    version: "2.3.4"
  shared_preferences_linux:
    dependency: transitive
    description:
      name: shared_preferences_linux
      sha256: "9f2cbcf46d4270ea8be39fa156d86379077c8a5228d9dfdb1164ae0bb93f1faa"
      url: "https://pub.dev"
    source: hosted
    version: "2.3.2"
  shared_preferences_platform_interface:
    dependency: transitive
    description:
      name: shared_preferences_platform_interface
      sha256: d4ec5fc9ebb2f2e056c617112aa75dcf92fc2e4faaf2ae999caa297473f75d8a
      url: "https://pub.dev"
    source: hosted
    version: "2.3.1"
  shared_preferences_web:
    dependency: transitive
    description:
      name: shared_preferences_web
      sha256: d762709c2bbe80626ecc819143013cc820fa49ca5e363620ee20a8b15a3e3daf
      url: "https://pub.dev"
    source: hosted
    version: "2.2.1"
  shared_preferences_windows:
    dependency: transitive
    description:
      name: shared_preferences_windows
      sha256: "841ad54f3c8381c480d0c9b508b89a34036f512482c407e6df7a9c4aa2ef8f59"
      url: "https://pub.dev"
    source: hosted
    version: "2.3.2"
  shimmer:
    dependency: transitive
    description:
      name: shimmer
      sha256: "5f88c883a22e9f9f299e5ba0e4f7e6054857224976a5d9f839d4ebdc94a14ac9"
      url: "https://pub.dev"
    source: hosted
    version: "3.0.0"
  sky_engine:
    dependency: transitive
    description: flutter
    source: sdk
    version: "0.0.99"
  source_span:
    dependency: transitive
    description:
      name: source_span
      sha256: "53e943d4206a5e30df338fd4c6e7a077e02254531b138a15aec3bd143c1a8b3c"
      url: "https://pub.dev"
    source: hosted
    version: "1.10.0"
  stack_trace:
    dependency: transitive
    description:
      name: stack_trace
      sha256: "73713990125a6d93122541237550ee3352a2d84baad52d375a4cad2eb9b7ce0b"
      url: "https://pub.dev"
    source: hosted
    version: "1.11.1"
  state_notifier:
    dependency: transitive
    description:
      name: state_notifier
      sha256: b8677376aa54f2d7c58280d5a007f9e8774f1968d1fb1c096adcb4792fba29bb
      url: "https://pub.dev"
    source: hosted
    version: "1.0.0"
  stream_channel:
    dependency: transitive
    description:
      name: stream_channel
      sha256: ba2aa5d8cc609d96bbb2899c28934f9e1af5cddbd60a827822ea467161eb54e7
      url: "https://pub.dev"
    source: hosted
    version: "2.1.2"
  string_scanner:
    dependency: transitive
    description:
      name: string_scanner
      sha256: "556692adab6cfa87322a115640c11f13cb77b3f076ddcc5d6ae3c20242bedcde"
      url: "https://pub.dev"
    source: hosted
    version: "1.2.0"
  swift_travel:
    dependency: "direct main"
    description:
      path: "../../app"
      relative: true
    source: path
    version: "1.0.1+1"
  synchronized:
    dependency: transitive
    description:
      name: synchronized
      sha256: "5fcbd27688af6082f5abd611af56ee575342c30e87541d0245f7ff99faa02c60"
      url: "https://pub.dev"
    source: hosted
    version: "3.1.0"
  term_glyph:
    dependency: transitive
    description:
      name: term_glyph
      sha256: a29248a84fbb7c79282b40b8c72a1209db169a2e0542bce341da992fe1bc7e84
      url: "https://pub.dev"
    source: hosted
    version: "1.2.1"
  test_api:
    dependency: transitive
    description:
      name: test_api
      sha256: "5c2f730018264d276c20e4f1503fd1308dfbbae39ec8ee63c5236311ac06954b"
      url: "https://pub.dev"
    source: hosted
    version: "0.6.1"
  theming:
    dependency: "direct main"
    description:
      path: "packages/theming"
      ref: HEAD
      resolved-ref: d2b4b0acb182a782f3b9ac2f6ac8f7ec91bcc1a2
      url: "https://github.com/gaetschwartz/gaet_utils.git"
    source: git
    version: "0.0.1"
  typed_data:
    dependency: transitive
    description:
      name: typed_data
      sha256: facc8d6582f16042dd49f2463ff1bd6e2c9ef9f3d5da3d9b087e244a7b564b3c
      url: "https://pub.dev"
    source: hosted
    version: "1.3.2"
  url_launcher:
    dependency: transitive
    description:
      name: url_launcher
      sha256: "47e208a6711459d813ba18af120d9663c20bdf6985d6ad39fe165d2538378d27"
      url: "https://pub.dev"
    source: hosted
    version: "6.1.14"
  url_launcher_android:
    dependency: transitive
    description:
      name: url_launcher_android
      sha256: b04af59516ab45762b2ca6da40fa830d72d0f6045cd97744450b73493fa76330
      url: "https://pub.dev"
    source: hosted
    version: "6.1.0"
  url_launcher_ios:
    dependency: transitive
    description:
      name: url_launcher_ios
      sha256: "7c65021d5dee51813d652357bc65b8dd4a6177082a9966bc8ba6ee477baa795f"
      url: "https://pub.dev"
    source: hosted
    version: "6.1.5"
  url_launcher_linux:
    dependency: transitive
    description:
      name: url_launcher_linux
      sha256: b651aad005e0cb06a01dbd84b428a301916dc75f0e7ea6165f80057fee2d8e8e
      url: "https://pub.dev"
    source: hosted
    version: "3.0.6"
  url_launcher_macos:
    dependency: transitive
    description:
      name: url_launcher_macos
      sha256: b55486791f666e62e0e8ff825e58a023fd6b1f71c49926483f1128d3bbd8fe88
      url: "https://pub.dev"
    source: hosted
    version: "3.0.7"
  url_launcher_platform_interface:
    dependency: transitive
    description:
      name: url_launcher_platform_interface
      sha256: "95465b39f83bfe95fcb9d174829d6476216f2d548b79c38ab2506e0458787618"
      url: "https://pub.dev"
    source: hosted
    version: "2.1.5"
  url_launcher_web:
    dependency: transitive
    description:
      name: url_launcher_web
      sha256: "2942294a500b4fa0b918685aff406773ba0a4cd34b7f42198742a94083020ce5"
      url: "https://pub.dev"
    source: hosted
    version: "2.0.20"
  url_launcher_windows:
    dependency: transitive
    description:
      name: url_launcher_windows
      sha256: "95fef3129dc7cfaba2bc3d5ba2e16063bb561fc6d78e63eee16162bc70029069"
      url: "https://pub.dev"
    source: hosted
    version: "3.0.8"
  url_strategy:
    dependency: transitive
    description:
      name: url_strategy
      sha256: "42b68b42a9864c4d710401add17ad06e28f1c1d5500c93b98c431f6b0ea4ab87"
      url: "https://pub.dev"
    source: hosted
    version: "0.2.0"
  uuid:
    dependency: transitive
    description:
      name: uuid
      sha256: "648e103079f7c64a36dc7d39369cabb358d377078a051d6ae2ad3aa539519313"
      url: "https://pub.dev"
    source: hosted
    version: "3.0.7"
  vector_graphics:
    dependency: transitive
    description:
      name: vector_graphics
      sha256: b16dadf7eb610e20da044c141b4a0199a5e8082ca21daba68322756f953ce714
      url: "https://pub.dev"
    source: hosted
    version: "1.1.9"
  vector_graphics_codec:
    dependency: transitive
    description:
      name: vector_graphics_codec
      sha256: a4b01403d5c613db115e30e71eca33f7e9e09f2d3c52c3fb84e16333ecddc539
      url: "https://pub.dev"
    source: hosted
    version: "1.1.9"
  vector_graphics_compiler:
    dependency: transitive
    description:
      name: vector_graphics_compiler
      sha256: d26c0e2f237476426523eb25512e4c09fa27c6d33ed659a0e69d79e20b5dc47f
      url: "https://pub.dev"
    source: hosted
    version: "1.1.9"
  vector_math:
    dependency: transitive
    description:
      name: vector_math
      sha256: "80b3257d1492ce4d091729e3a67a60407d227c27241d6927be0130c98e741803"
      url: "https://pub.dev"
    source: hosted
    version: "2.1.4"
  vibration:
    dependency: transitive
    description:
      path: "packages/vibration"
      ref: HEAD
      resolved-ref: d2b4b0acb182a782f3b9ac2f6ac8f7ec91bcc1a2
      url: "https://github.com/gaetschwartz/gaet_utils.git"
    source: git
    version: "0.0.1"
  web:
    dependency: transitive
    description:
      name: web
      sha256: "14f1f70c51119012600c5f1f60ca68efda5a9b6077748163c6af2893ec5df8fc"
      url: "https://pub.dev"
    source: hosted
    version: "0.2.1-beta"
  win32:
    dependency: transitive
    description:
      name: win32
      sha256: "350a11abd2d1d97e0cc7a28a81b781c08002aa2864d9e3f192ca0ffa18b06ed3"
      url: "https://pub.dev"
    source: hosted
    version: "5.0.9"
  xdg_directories:
    dependency: transitive
    description:
      name: xdg_directories
      sha256: "589ada45ba9e39405c198fe34eb0f607cddb2108527e658136120892beac46d2"
      url: "https://pub.dev"
    source: hosted
    version: "1.0.3"
  xml:
    dependency: transitive
    description:
      name: xml
      sha256: af5e77e9b83f2f4adc5d3f0a4ece1c7f45a2467b695c2540381bac793e34e556
      url: "https://pub.dev"
    source: hosted
    version: "6.4.2"
  xml2json:
    dependency: transitive
    description:
      name: xml2json
      sha256: "1cd5d23474f38e794fbcab262290bc638c59c985c34d29180fc4525eda24ea7d"
      url: "https://pub.dev"
    source: hosted
    version: "6.2.0"
  yaml:
    dependency: transitive
    description:
      name: yaml
      sha256: "75769501ea3489fca56601ff33454fe45507ea3bfb014161abc3b43ae25989d5"
      url: "https://pub.dev"
    source: hosted
    version: "3.1.2"
sdks:
  dart: ">=3.2.0-157.0.dev <4.0.0"
  flutter: ">=3.13.0"
