# Generated by pub
# See https://dart.dev/tools/pub/glossary#lockfile
packages:
  _fe_analyzer_shared:
    dependency: transitive
    description:
      name: _fe_analyzer_shared
      url: "https://pub.dartlang.org"
    source: hosted
    version: "14.0.0"
  analyzer:
    dependency: transitive
    description:
      name: analyzer
      url: "https://pub.dartlang.org"
    source: hosted
    version: "0.41.2"
  args:
    dependency: transitive
    description:
      name: args
      url: "https://pub.dartlang.org"
    source: hosted
    version: "1.6.0"
  async:
    dependency: transitive
    description:
      name: async
      url: "https://pub.dartlang.org"
    source: hosted
    version: "2.4.2"
  build:
    dependency: transitive
    description:
      name: build
      url: "https://pub.dartlang.org"
    source: hosted
    version: "1.6.2"
  build_config:
    dependency: transitive
    description:
      name: build_config
      url: "https://pub.dartlang.org"
    source: hosted
    version: "0.4.5"
  charcode:
    dependency: transitive
    description:
      name: charcode
      url: "https://pub.dartlang.org"
    source: hosted
    version: "1.1.3"
  checked_yaml:
    dependency: transitive
    description:
      name: checked_yaml
      url: "https://pub.dartlang.org"
    source: hosted
    version: "1.0.4"
  cli_util:
    dependency: transitive
    description:
      name: cli_util
      url: "https://pub.dartlang.org"
    source: hosted
    version: "0.2.0"
  collection:
    dependency: transitive
    description:
      name: collection
      url: "https://pub.dartlang.org"
    source: hosted
    version: "1.15.0"
  convert:
    dependency: transitive
    description:
      name: convert
      url: "https://pub.dartlang.org"
    source: hosted
    version: "2.1.1"
  crypto:
    dependency: transitive
    description:
      name: crypto
      url: "https://pub.dartlang.org"
    source: hosted
    version: "2.1.5"
  csv:
    dependency: "direct main"
    description:
      name: csv
      url: "https://pub.dartlang.org"
    source: hosted
    version: "4.1.0"
  dart_style:
    dependency: transitive
    description:
      name: dart_style
      url: "https://pub.dartlang.org"
    source: hosted
    version: "1.3.11"
  file:
    dependency: transitive
    description:
      name: file
      url: "https://pub.dartlang.org"
    source: hosted
    version: "5.2.1"
  glob:
    dependency: transitive
    description:
      name: glob
      url: "https://pub.dartlang.org"
    source: hosted
    version: "1.2.0"
  injector:
    dependency: transitive
    description:
      name: injector
      url: "https://pub.dartlang.org"
    source: hosted
    version: "1.0.9"
  intl:
    dependency: transitive
    description:
      name: intl
      url: "https://pub.dartlang.org"
    source: hosted
    version: "0.16.1"
  js:
    dependency: transitive
    description:
      name: js
      url: "https://pub.dartlang.org"
    source: hosted
    version: "0.6.2"
  json_annotation:
    dependency: transitive
    description:
      name: json_annotation
      url: "https://pub.dartlang.org"
    source: hosted
    version: "3.1.1"
  json_serializable:
    dependency: transitive
    description:
      name: json_serializable
      url: "https://pub.dartlang.org"
    source: hosted
    version: "3.5.1"
  logging:
    dependency: transitive
    description:
      name: logging
      url: "https://pub.dartlang.org"
    source: hosted
    version: "0.11.4"
  matcher:
    dependency: transitive
    description:
      name: matcher
      url: "https://pub.dartlang.org"
    source: hosted
    version: "0.12.9"
  meta:
    dependency: transitive
    description:
      name: meta
      url: "https://pub.dartlang.org"
    source: hosted
    version: "1.2.4"
  ml_algo:
    dependency: "direct main"
    description:
      name: ml_algo
      url: "https://pub.dartlang.org"
    source: hosted
    version: "15.6.6"
  ml_dataframe:
    dependency: "direct main"
    description:
      name: ml_dataframe
      url: "https://pub.dartlang.org"
    source: hosted
    version: "0.4.0"
  ml_linalg:
    dependency: transitive
    description:
      name: ml_linalg
      url: "https://pub.dartlang.org"
    source: hosted
    version: "12.17.10"
  ml_preprocessing:
    dependency: "direct main"
    description:
      name: ml_preprocessing
      url: "https://pub.dartlang.org"
    source: hosted
    version: "5.2.2"
  node_interop:
    dependency: transitive
    description:
      name: node_interop
      url: "https://pub.dartlang.org"
    source: hosted
    version: "1.2.1"
  node_io:
    dependency: transitive
    description:
      name: node_io
      url: "https://pub.dartlang.org"
    source: hosted
    version: "1.2.0"
  package_config:
    dependency: transitive
    description:
      name: package_config
      url: "https://pub.dartlang.org"
    source: hosted
    version: "1.9.3"
  path:
    dependency: transitive
    description:
      name: path
      url: "https://pub.dartlang.org"
    source: hosted
    version: "1.7.0"
  pedantic:
    dependency: "direct dev"
    description:
      name: pedantic
      url: "https://pub.dartlang.org"
    source: hosted
    version: "1.9.2"
  pub_semver:
    dependency: transitive
    description:
      name: pub_semver
      url: "https://pub.dartlang.org"
    source: hosted
    version: "1.4.4"
  pubspec_parse:
    dependency: transitive
    description:
      name: pubspec_parse
      url: "https://pub.dartlang.org"
    source: hosted
    version: "0.1.7"
  quiver:
    dependency: transitive
    description:
      name: quiver
      url: "https://pub.dartlang.org"
    source: hosted
    version: "2.1.5"
  source_gen:
    dependency: transitive
    description:
      name: source_gen
      url: "https://pub.dartlang.org"
    source: hosted
    version: "0.9.10+1"
  source_span:
    dependency: transitive
    description:
      name: source_span
      url: "https://pub.dartlang.org"
    source: hosted
    version: "1.7.0"
  stack_trace:
    dependency: transitive
    description:
      name: stack_trace
      url: "https://pub.dartlang.org"
    source: hosted
    version: "1.9.6"
  string_scanner:
    dependency: transitive
    description:
      name: string_scanner
      url: "https://pub.dartlang.org"
    source: hosted
    version: "1.0.5"
  term_glyph:
    dependency: transitive
    description:
      name: term_glyph
      url: "https://pub.dartlang.org"
    source: hosted
    version: "1.1.0"
  typed_data:
    dependency: transitive
    description:
      name: typed_data
      url: "https://pub.dartlang.org"
    source: hosted
    version: "1.2.0"
  watcher:
    dependency: transitive
    description:
      name: watcher
      url: "https://pub.dartlang.org"
    source: hosted
    version: "0.9.7+15"
  xrange:
    dependency: transitive
    description:
      name: xrange
      url: "https://pub.dartlang.org"
    source: hosted
    version: "1.0.0"
  yaml:
    dependency: transitive
    description:
      name: yaml
      url: "https://pub.dartlang.org"
    source: hosted
    version: "2.2.1"
sdks:
  dart: ">=2.12.0-0 <3.0.0"
